// !$*UTF8*$!
{
	archiveVersion = 1;
	classes = {
	};
	objectVersion = 46;
	objects = {

/* Begin PBXBuildFile section */
		97B0B64A1D3E440700A9E026 /* AppDelegate.swift in Sources */ = {isa = PBXBuildFile; fileRef = 97B0B6491D3E440700A9E026 /* AppDelegate.swift */; };
		97B0B64C1D3E440700A9E026 /* ViewController.swift in Sources */ = {isa = PBXBuildFile; fileRef = 97B0B64B1D3E440700A9E026 /* ViewController.swift */; };
		97B0B64F1D3E440800A9E026 /* Main.storyboard in Resources */ = {isa = PBXBuildFile; fileRef = 97B0B64D1D3E440800A9E026 /* Main.storyboard */; };
		97B0B6511D3E440800A9E026 /* Assets.xcassets in Resources */ = {isa = PBXBuildFile; fileRef = 97B0B6501D3E440800A9E026 /* Assets.xcassets */; };
		97B0B6541D3E440800A9E026 /* LaunchScreen.storyboard in Resources */ = {isa = PBXBuildFile; fileRef = 97B0B6521D3E440800A9E026 /* LaunchScreen.storyboard */; };
		97B0B65F1D3E440800A9E026 /* MusicVideoTests.swift in Sources */ = {isa = PBXBuildFile; fileRef = 97B0B65E1D3E440800A9E026 /* MusicVideoTests.swift */; };
		97B0B66A1D3E440800A9E026 /* MusicVideoUITests.swift in Sources */ = {isa = PBXBuildFile; fileRef = 97B0B6691D3E440800A9E026 /* MusicVideoUITests.swift */; };
/* End PBXBuildFile section */

/* Begin PBXContainerItemProxy section */
		97B0B65B1D3E440800A9E026 /* PBXContainerItemProxy */ = {
			isa = PBXContainerItemProxy;
			containerPortal = 97B0B63E1D3E440700A9E026 /* Project object */;
			proxyType = 1;
			remoteGlobalIDString = 97B0B6451D3E440700A9E026;
			remoteInfo = MusicVideo;
		};
		97B0B6661D3E440800A9E026 /* PBXContainerItemProxy */ = {
			isa = PBXContainerItemProxy;
			containerPortal = 97B0B63E1D3E440700A9E026 /* Project object */;
			proxyType = 1;
			remoteGlobalIDString = 97B0B6451D3E440700A9E026;
			remoteInfo = MusicVideo;
		};
/* End PBXContainerItemProxy section */

/* Begin PBXFileReference section */
		97B0B6461D3E440700A9E026 /* MusicVideo.app */ = {isa = PBXFileReference; explicitFileType = wrapper.application; includeInIndex = 0; path = MusicVideo.app; sourceTree = BUILT_PRODUCTS_DIR; };
		97B0B6491D3E440700A9E026 /* AppDelegate.swift */ = {isa = PBXFileReference; lastKnownFileType = sourcecode.swift; path = AppDelegate.swift; sourceTree = "<group>"; };
		97B0B64B1D3E440700A9E026 /* ViewController.swift */ = {isa = PBXFileReference; lastKnownFileType = sourcecode.swift; path = ViewController.swift; sourceTree = "<group>"; };
		97B0B64E1D3E440800A9E026 /* Base */ = {isa = PBXFileReference; lastKnownFileType = file.storyboard; name = Base; path = Base.lproj/Main.storyboard; sourceTree = "<group>"; };
		97B0B6501D3E440800A9E026 /* Assets.xcassets */ = {isa = PBXFileReference; lastKnownFileType = folder.assetcatalog; path = Assets.xcassets; sourceTree = "<group>"; };
		97B0B6531D3E440800A9E026 /* Base */ = {isa = PBXFileReference; lastKnownFileType = file.storyboard; name = Base; path = Base.lproj/LaunchScreen.storyboard; sourceTree = "<group>"; };
		97B0B6551D3E440800A9E026 /* Info.plist */ = {isa = PBXFileReference; lastKnownFileType = text.plist.xml; path = Info.plist; sourceTree = "<group>"; };
		97B0B65A1D3E440800A9E026 /* MusicVideoTests.xctest */ = {isa = PBXFileReference; explicitFileType = wrapper.cfbundle; includeInIndex = 0; path = MusicVideoTests.xctest; sourceTree = BUILT_PRODUCTS_DIR; };
		97B0B65E1D3E440800A9E026 /* MusicVideoTests.swift */ = {isa = PBXFileReference; lastKnownFileType = sourcecode.swift; path = MusicVideoTests.swift; sourceTree = "<group>"; };
		97B0B6601D3E440800A9E026 /* Info.plist */ = {isa = PBXFileReference; lastKnownFileType = text.plist.xml; path = Info.plist; sourceTree = "<group>"; };
		97B0B6651D3E440800A9E026 /* MusicVideoUITests.xctest */ = {isa = PBXFileReference; explicitFileType = wrapper.cfbundle; includeInIndex = 0; path = MusicVideoUITests.xctest; sourceTree = BUILT_PRODUCTS_DIR; };
		97B0B6691D3E440800A9E026 /* MusicVideoUITests.swift */ = {isa = PBXFileReference; lastKnownFileType = sourcecode.swift; path = MusicVideoUITests.swift; sourceTree = "<group>"; };
		97B0B66B1D3E440800A9E026 /* Info.plist */ = {isa = PBXFileReference; lastKnownFileType = text.plist.xml; path = Info.plist; sourceTree = "<group>"; };
/* End PBXFileReference section */

/* Begin PBXFrameworksBuildPhase section */
		97B0B6431D3E440700A9E026 /* Frameworks */ = {
			isa = PBXFrameworksBuildPhase;
			buildActionMask = 2147483647;
			files = (
			);
			runOnlyForDeploymentPostprocessing = 0;
		};
		97B0B6571D3E440800A9E026 /* Frameworks */ = {
			isa = PBXFrameworksBuildPhase;
			buildActionMask = 2147483647;
			files = (
			);
			runOnlyForDeploymentPostprocessing = 0;
		};
		97B0B6621D3E440800A9E026 /* Frameworks */ = {
			isa = PBXFrameworksBuildPhase;
			buildActionMask = 2147483647;
			files = (
			);
			runOnlyForDeploymentPostprocessing = 0;
		};
/* End PBXFrameworksBuildPhase section */

/* Begin PBXGroup section */
		97B0B63D1D3E440700A9E026 = {
			isa = PBXGroup;
			children = (
				97B0B6481D3E440700A9E026 /* MusicVideo */,
				97B0B65D1D3E440800A9E026 /* MusicVideoTests */,
				97B0B6681D3E440800A9E026 /* MusicVideoUITests */,
				97B0B6471D3E440700A9E026 /* Products */,
			);
			sourceTree = "<group>";
		};
		97B0B6471D3E440700A9E026 /* Products */ = {
			isa = PBXGroup;
			children = (
				97B0B6461D3E440700A9E026 /* MusicVideo.app */,
				97B0B65A1D3E440800A9E026 /* MusicVideoTests.xctest */,
				97B0B6651D3E440800A9E026 /* MusicVideoUITests.xctest */,
			);
			name = Products;
			sourceTree = "<group>";
		};
		97B0B6481D3E440700A9E026 /* MusicVideo */ = {
			isa = PBXGroup;
			children = (
				97B0B6491D3E440700A9E026 /* AppDelegate.swift */,
				97B0B64B1D3E440700A9E026 /* ViewController.swift */,
				97B0B64D1D3E440800A9E026 /* Main.storyboard */,
				97B0B6501D3E440800A9E026 /* Assets.xcassets */,
				97B0B6521D3E440800A9E026 /* LaunchScreen.storyboard */,
				97B0B6551D3E440800A9E026 /* Info.plist */,
			);
			path = MusicVideo;
			sourceTree = "<group>";
		};
		97B0B65D1D3E440800A9E026 /* MusicVideoTests */ = {
			isa = PBXGroup;
			children = (
				97B0B65E1D3E440800A9E026 /* MusicVideoTests.swift */,
				97B0B6601D3E440800A9E026 /* Info.plist */,
			);
			path = MusicVideoTests;
			sourceTree = "<group>";
		};
		97B0B6681D3E440800A9E026 /* MusicVideoUITests */ = {
			isa = PBXGroup;
			children = (
				97B0B6691D3E440800A9E026 /* MusicVideoUITests.swift */,
				97B0B66B1D3E440800A9E026 /* Info.plist */,
			);
			path = MusicVideoUITests;
			sourceTree = "<group>";
		};
/* End PBXGroup section */

/* Begin PBXNativeTarget section */
		97B0B6451D3E440700A9E026 /* MusicVideo */ = {
			isa = PBXNativeTarget;
			buildConfigurationList = 97B0B66E1D3E440800A9E026 /* Build configuration list for PBXNativeTarget "MusicVideo" */;
			buildPhases = (
				97B0B6421D3E440700A9E026 /* Sources */,
				97B0B6431D3E440700A9E026 /* Frameworks */,
				97B0B6441D3E440700A9E026 /* Resources */,
			);
			buildRules = (
			);
			dependencies = (
			);
			name = MusicVideo;
			productName = MusicVideo;
			productReference = 97B0B6461D3E440700A9E026 /* MusicVideo.app */;
			productType = "com.apple.product-type.application";
		};
		97B0B6591D3E440800A9E026 /* MusicVideoTests */ = {
			isa = PBXNativeTarget;
			buildConfigurationList = 97B0B6711D3E440800A9E026 /* Build configuration list for PBXNativeTarget "MusicVideoTests" */;
			buildPhases = (
				97B0B6561D3E440800A9E026 /* Sources */,
				97B0B6571D3E440800A9E026 /* Frameworks */,
				97B0B6581D3E440800A9E026 /* Resources */,
			);
			buildRules = (
			);
			dependencies = (
				97B0B65C1D3E440800A9E026 /* PBXTargetDependency */,
			);
			name = MusicVideoTests;
			productName = MusicVideoTests;
			productReference = 97B0B65A1D3E440800A9E026 /* MusicVideoTests.xctest */;
			productType = "com.apple.product-type.bundle.unit-test";
		};
		97B0B6641D3E440800A9E026 /* MusicVideoUITests */ = {
			isa = PBXNativeTarget;
			buildConfigurationList = 97B0B6741D3E440800A9E026 /* Build configuration list for PBXNativeTarget "MusicVideoUITests" */;
			buildPhases = (
				97B0B6611D3E440800A9E026 /* Sources */,
				97B0B6621D3E440800A9E026 /* Frameworks */,
				97B0B6631D3E440800A9E026 /* Resources */,
			);
			buildRules = (
			);
			dependencies = (
				97B0B6671D3E440800A9E026 /* PBXTargetDependency */,
			);
			name = MusicVideoUITests;
			productName = MusicVideoUITests;
			productReference = 97B0B6651D3E440800A9E026 /* MusicVideoUITests.xctest */;
			productType = "com.apple.product-type.bundle.ui-testing";
		};
/* End PBXNativeTarget section */

/* Begin PBXProject section */
		97B0B63E1D3E440700A9E026 /* Project object */ = {
			isa = PBXProject;
			attributes = {
				LastSwiftUpdateCheck = 0800;
				LastUpgradeCheck = 0800;
				ORGANIZATIONNAME = "Vivek Sharma";
				TargetAttributes = {
					97B0B6451D3E440700A9E026 = {
						CreatedOnToolsVersion = 8.0;
						ProvisioningStyle = Automatic;
					};
					97B0B6591D3E440800A9E026 = {
						CreatedOnToolsVersion = 8.0;
						ProvisioningStyle = Automatic;
						TestTargetID = 97B0B6451D3E440700A9E026;
					};
					97B0B6641D3E440800A9E026 = {
						CreatedOnToolsVersion = 8.0;
						ProvisioningStyle = Automatic;
						TestTargetID = 97B0B6451D3E440700A9E026;
					};
				};
			};
			buildConfigurationList = 97B0B6411D3E440700A9E026 /* Build configuration list for PBXProject "MusicVideo" */;
			compatibilityVersion = "Xcode 3.2";
			developmentRegion = English;
			hasScannedForEncodings = 0;
			knownRegions = (
				en,
				Base,
			);
			mainGroup = 97B0B63D1D3E440700A9E026;
			productRefGroup = 97B0B6471D3E440700A9E026 /* Products */;
			projectDirPath = "";
			projectRoot = "";
			targets = (
				97B0B6451D3E440700A9E026 /* MusicVideo */,
				97B0B6591D3E440800A9E026 /* MusicVideoTests */,
				97B0B6641D3E440800A9E026 /* MusicVideoUITests */,
			);
		};
/* End PBXProject section */

/* Begin PBXResourcesBuildPhase section */
		97B0B6441D3E440700A9E026 /* Resources */ = {
			isa = PBXResourcesBuildPhase;
			buildActionMask = 2147483647;
			files = (
				97B0B6541D3E440800A9E026 /* LaunchScreen.storyboard in Resources */,
				97B0B6511D3E440800A9E026 /* Assets.xcassets in Resources */,
				97B0B64F1D3E440800A9E026 /* Main.storyboard in Resources */,
			);
			runOnlyForDeploymentPostprocessing = 0;
		};
		97B0B6581D3E440800A9E026 /* Resources */ = {
			isa = PBXResourcesBuildPhase;
			buildActionMask = 2147483647;
			files = (
			);
			runOnlyForDeploymentPostprocessing = 0;
		};
		97B0B6631D3E440800A9E026 /* Resources */ = {
			isa = PBXResourcesBuildPhase;
			buildActionMask = 2147483647;
			files = (
			);
			runOnlyForDeploymentPostprocessing = 0;
		};
/* End PBXResourcesBuildPhase section */

/* Begin PBXSourcesBuildPhase section */
		97B0B6421D3E440700A9E026 /* Sources */ = {
			isa = PBXSourcesBuildPhase;
			buildActionMask = 2147483647;
			files = (
				97B0B64C1D3E440700A9E026 /* ViewController.swift in Sources */,
				97B0B64A1D3E440700A9E026 /* AppDelegate.swift in Sources */,
			);
			runOnlyForDeploymentPostprocessing = 0;
		};
		97B0B6561D3E440800A9E026 /* Sources */ = {
			isa = PBXSourcesBuildPhase;
			buildActionMask = 2147483647;
			files = (
				97B0B65F1D3E440800A9E026 /* MusicVideoTests.swift in Sources */,
			);
			runOnlyForDeploymentPostprocessing = 0;
		};
		97B0B6611D3E440800A9E026 /* Sources */ = {
			isa = PBXSourcesBuildPhase;
			buildActionMask = 2147483647;
			files = (
				97B0B66A1D3E440800A9E026 /* MusicVideoUITests.swift in Sources */,
			);
			runOnlyForDeploymentPostprocessing = 0;
		};
/* End PBXSourcesBuildPhase section */

/* Begin PBXTargetDependency section */
		97B0B65C1D3E440800A9E026 /* PBXTargetDependency */ = {
			isa = PBXTargetDependency;
			target = 97B0B6451D3E440700A9E026 /* MusicVideo */;
			targetProxy = 97B0B65B1D3E440800A9E026 /* PBXContainerItemProxy */;
		};
		97B0B6671D3E440800A9E026 /* PBXTargetDependency */ = {
			isa = PBXTargetDependency;
			target = 97B0B6451D3E440700A9E026 /* MusicVideo */;
			targetProxy = 97B0B6661D3E440800A9E026 /* PBXContainerItemProxy */;
		};
/* End PBXTargetDependency section */

/* Begin PBXVariantGroup section */
		97B0B64D1D3E440800A9E026 /* Main.storyboard */ = {
			isa = PBXVariantGroup;
			children = (
				97B0B64E1D3E440800A9E026 /* Base */,
			);
			name = Main.storyboard;
			sourceTree = "<group>";
		};
		97B0B6521D3E440800A9E026 /* LaunchScreen.storyboard */ = {
			isa = PBXVariantGroup;
			children = (
				97B0B6531D3E440800A9E026 /* Base */,
			);
			name = LaunchScreen.storyboard;
			sourceTree = "<group>";
		};
/* End PBXVariantGroup section */

/* Begin XCBuildConfiguration section */
		97B0B66C1D3E440800A9E026 /* Debug */ = {
			isa = XCBuildConfiguration;
			buildSettings = {
				ALWAYS_SEARCH_USER_PATHS = NO;
				CLANG_ANALYZER_NONNULL = YES;
				CLANG_CXX_LANGUAGE_STANDARD = "gnu++0x";
				CLANG_CXX_LIBRARY = "libc++";
				CLANG_ENABLE_MODULES = YES;
				CLANG_ENABLE_OBJC_ARC = YES;
				CLANG_WARN_BOOL_CONVERSION = YES;
				CLANG_WARN_CONSTANT_CONVERSION = YES;
				CLANG_WARN_DIRECT_OBJC_ISA_USAGE = YES_ERROR;
				CLANG_WARN_DOCUMENTATION_COMMENTS = YES;
				CLANG_WARN_EMPTY_BODY = YES;
				CLANG_WARN_ENUM_CONVERSION = YES;
				CLANG_WARN_INT_CONVERSION = YES;
				CLANG_WARN_OBJC_ROOT_CLASS = YES_ERROR;
				CLANG_WARN_UNREACHABLE_CODE = YES;
				CLANG_WARN__DUPLICATE_METHOD_MATCH = YES;
				"CODE_SIGN_IDENTITY[sdk=iphoneos*]" = "iPhone Developer";
				COPY_PHASE_STRIP = NO;
				DEBUG_INFORMATION_FORMAT = dwarf;
				ENABLE_STRICT_OBJC_MSGSEND = YES;
				ENABLE_TESTABILITY = YES;
				GCC_C_LANGUAGE_STANDARD = gnu99;
				GCC_DYNAMIC_NO_PIC = NO;
				GCC_NO_COMMON_BLOCKS = YES;
				GCC_OPTIMIZATION_LEVEL = 0;
				GCC_PREPROCESSOR_DEFINITIONS = (
					"DEBUG=1",
					"$(inherited)",
				);
				GCC_WARN_64_TO_32_BIT_CONVERSION = YES;
				GCC_WARN_ABOUT_RETURN_TYPE = YES_ERROR;
				GCC_WARN_UNDECLARED_SELECTOR = YES;
				GCC_WARN_UNINITIALIZED_AUTOS = YES_AGGRESSIVE;
				GCC_WARN_UNUSED_FUNCTION = YES;
				GCC_WARN_UNUSED_VARIABLE = YES;
				IPHONEOS_DEPLOYMENT_TARGET = 10.0;
				MTL_ENABLE_DEBUG_INFO = YES;
				ONLY_ACTIVE_ARCH = YES;
				SDKROOT = iphoneos;
				SWIFT_ACTIVE_COMPILATION_CONDITIONS = DEBUG;
				SWIFT_OPTIMIZATION_LEVEL = "-Onone";
				TARGETED_DEVICE_FAMILY = "1,2";
			};
			name = Debug;
		};
		97B0B66D1D3E440800A9E026 /* Release */ = {
			isa = XCBuildConfiguration;
			buildSettings = {
				ALWAYS_SEARCH_USER_PATHS = NO;
				CLANG_ANALYZER_NONNULL = YES;
				CLANG_CXX_LANGUAGE_STANDARD = "gnu++0x";
				CLANG_CXX_LIBRARY = "libc++";
				CLANG_ENABLE_MODULES = YES;
				CLANG_ENABLE_OBJC_ARC = YES;
				CLANG_WARN_BOOL_CONVERSION = YES;
				CLANG_WARN_CONSTANT_CONVERSION = YES;
				CLANG_WARN_DIRECT_OBJC_ISA_USAGE = YES_ERROR;
				CLANG_WARN_DOCUMENTATION_COMMENTS = YES;
				CLANG_WARN_EMPTY_BODY = YES;
				CLANG_WARN_ENUM_CONVERSION = YES;
				CLANG_WARN_INT_CONVERSION = YES;
				CLANG_WARN_OBJC_ROOT_CLASS = YES_ERROR;
				CLANG_WARN_UNREACHABLE_CODE = YES;
				CLANG_WARN__DUPLICATE_METHOD_MATCH = YES;
				"CODE_SIGN_IDENTITY[sdk=iphoneos*]" = "iPhone Developer";
				COPY_PHASE_STRIP = NO;
				DEBUG_INFORMATION_FORMAT = "dwarf-with-dsym";
				ENABLE_NS_ASSERTIONS = NO;
				ENABLE_STRICT_OBJC_MSGSEND = YES;
				GCC_C_LANGUAGE_STANDARD = gnu99;
				GCC_NO_COMMON_BLOCKS = YES;
				GCC_WARN_64_TO_32_BIT_CONVERSION = YES;
				GCC_WARN_ABOUT_RETURN_TYPE = YES_ERROR;
				GCC_WARN_UNDECLARED_SELECTOR = YES;
				GCC_WARN_UNINITIALIZED_AUTOS = YES_AGGRESSIVE;
				GCC_WARN_UNUSED_FUNCTION = YES;
				GCC_WARN_UNUSED_VARIABLE = YES;
				IPHONEOS_DEPLOYMENT_TARGET = 10.0;
				MTL_ENABLE_DEBUG_INFO = NO;
				SDKROOT = iphoneos;
				SWIFT_OPTIMIZATION_LEVEL = "-Owholemodule";
				TARGETED_DEVICE_FAMILY = "1,2";
				VALIDATE_PRODUCT = YES;
			};
			name = Release;
		};
		97B0B66F1D3E440800A9E026 /* Debug */ = {
			isa = XCBuildConfiguration;
			buildSettings = {
				ASSETCATALOG_COMPILER_APPICON_NAME = AppIcon;
				INFOPLIST_FILE = MusicVideo/Info.plist;
				LD_RUNPATH_SEARCH_PATHS = "$(inherited) @executable_path/Frameworks";
				PRODUCT_BUNDLE_IDENTIFIER = com.sharmav.MusicVideo;
				PRODUCT_NAME = "$(TARGET_NAME)";
				SWIFT_VERSION = 3.0;
			};
			name = Debug;
		};
		97B0B6701D3E440800A9E026 /* Release */ = {
			isa = XCBuildConfiguration;
			buildSettings = {
				ASSETCATALOG_COMPILER_APPICON_NAME = AppIcon;
				INFOPLIST_FILE = MusicVideo/Info.plist;
				LD_RUNPATH_SEARCH_PATHS = "$(inherited) @executable_path/Frameworks";
				PRODUCT_BUNDLE_IDENTIFIER = com.sharmav.MusicVideo;
				PRODUCT_NAME = "$(TARGET_NAME)";
				SWIFT_VERSION = 3.0;
			};
			name = Release;
		};
		97B0B6721D3E440800A9E026 /* Debug */ = {
			isa = XCBuildConfiguration;
			buildSettings = {
				BUNDLE_LOADER = "$(TEST_HOST)";
				INFOPLIST_FILE = MusicVideoTests/Info.plist;
				LD_RUNPATH_SEARCH_PATHS = "$(inherited) @executable_path/Frameworks @loader_path/Frameworks";
				PRODUCT_BUNDLE_IDENTIFIER = com.sharmav.MusicVideoTests;
				PRODUCT_NAME = "$(TARGET_NAME)";
				SWIFT_VERSION = 3.0;
				TEST_HOST = "$(BUILT_PRODUCTS_DIR)/MusicVideo.app/MusicVideo";
			};
			name = Debug;
		};
		97B0B6731D3E440800A9E026 /* Release */ = {
			isa = XCBuildConfiguration;
			buildSettings = {
				BUNDLE_LOADER = "$(TEST_HOST)";
				INFOPLIST_FILE = MusicVideoTests/Info.plist;
				LD_RUNPATH_SEARCH_PATHS = "$(inherited) @executable_path/Frameworks @loader_path/Frameworks";
				PRODUCT_BUNDLE_IDENTIFIER = com.sharmav.MusicVideoTests;
				PRODUCT_NAME = "$(TARGET_NAME)";
				SWIFT_VERSION = 3.0;
				TEST_HOST = "$(BUILT_PRODUCTS_DIR)/MusicVideo.app/MusicVideo";
			};
			name = Release;
		};
		97B0B6751D3E440800A9E026 /* Debug */ = {
			isa = XCBuildConfiguration;
			buildSettings = {
				INFOPLIST_FILE = MusicVideoUITests/Info.plist;
				LD_RUNPATH_SEARCH_PATHS = "$(inherited) @executable_path/Frameworks @loader_path/Frameworks";
				PRODUCT_BUNDLE_IDENTIFIER = com.sharmav.MusicVideoUITests;
				PRODUCT_NAME = "$(TARGET_NAME)";
				SWIFT_VERSION = 3.0;
				TEST_TARGET_NAME = MusicVideo;
			};
			name = Debug;
		};
		97B0B6761D3E440800A9E026 /* Release */ = {
			isa = XCBuildConfiguration;
			buildSettings = {
				INFOPLIST_FILE = MusicVideoUITests/Info.plist;
				LD_RUNPATH_SEARCH_PATHS = "$(inherited) @executable_path/Frameworks @loader_path/Frameworks";
				PRODUCT_BUNDLE_IDENTIFIER = com.sharmav.MusicVideoUITests;
				PRODUCT_NAME = "$(TARGET_NAME)";
				SWIFT_VERSION = 3.0;
				TEST_TARGET_NAME = MusicVideo;
			};
			name = Release;
		};
/* End XCBuildConfiguration section */

/* Begin XCConfigurationList section */
		97B0B6411D3E440700A9E026 /* Build configuration list for PBXProject "MusicVideo" */ = {
			isa = XCConfigurationList;
			buildConfigurations = (
				97B0B66C1D3E440800A9E026 /* Debug */,
				97B0B66D1D3E440800A9E026 /* Release */,
			);
			defaultConfigurationIsVisible = 0;
			defaultConfigurationName = Release;
		};
		97B0B66E1D3E440800A9E026 /* Build configuration list for PBXNativeTarget "MusicVideo" */ = {
			isa = XCConfigurationList;
			buildConfigurations = (
				97B0B66F1D3E440800A9E026 /* Debug */,
				97B0B6701D3E440800A9E026 /* Release */,
			);
			defaultConfigurationIsVisible = 0;
		};
		97B0B6711D3E440800A9E026 /* Build configuration list for PBXNativeTarget "MusicVideoTests" */ = {
			isa = XCConfigurationList;
			buildConfigurations = (
				97B0B6721D3E440800A9E026 /* Debug */,
				97B0B6731D3E440800A9E026 /* Release */,
			);
			defaultConfigurationIsVisible = 0;
		};
		97B0B6741D3E440800A9E026 /* Build configuration list for PBXNativeTarget "MusicVideoUITests" */ = {
			isa = XCConfigurationList;
			buildConfigurations = (
				97B0B6751D3E440800A9E026 /* Debug */,
				97B0B6761D3E440800A9E026 /* Release */,
			);
			defaultConfigurationIsVisible = 0;
		};
/* End XCConfigurationList section */
	};
	rootObject = 97B0B63E1D3E440700A9E026 /* Project object */;
}
